// !$*UTF8*$!
{
	archiveVersion = 1;
	classes = {
	};
	objectVersion = 46;
	objects = {

/* Begin PBXBuildFile section */
		BBBBD7CF1D15C966008F2B3D /* AppDelegate.swift in Sources */ = {isa = PBXBuildFile; fileRef = BBBBD7CE1D15C966008F2B3D /* AppDelegate.swift */; };
		BBBBD7D11D15C966008F2B3D /* ViewController.swift in Sources */ = {isa = PBXBuildFile; fileRef = BBBBD7D01D15C966008F2B3D /* ViewController.swift */; };
		BBBBD7D41D15C966008F2B3D /* Main.storyboard in Resources */ = {isa = PBXBuildFile; fileRef = BBBBD7D21D15C966008F2B3D /* Main.storyboard */; };
		BBBBD7D61D15C966008F2B3D /* Assets.xcassets in Resources */ = {isa = PBXBuildFile; fileRef = BBBBD7D51D15C966008F2B3D /* Assets.xcassets */; };
		BBBBD7D91D15C966008F2B3D /* LaunchScreen.storyboard in Resources */ = {isa = PBXBuildFile; fileRef = BBBBD7D71D15C966008F2B3D /* LaunchScreen.storyboard */; };
		BBBBD7E41D15C966008F2B3D /* dantimelinsonTests.swift in Sources */ = {isa = PBXBuildFile; fileRef = BBBBD7E31D15C966008F2B3D /* dantimelinsonTests.swift */; };
		BBBBD7EF1D15C966008F2B3D /* dantimelinsonUITests.swift in Sources */ = {isa = PBXBuildFile; fileRef = BBBBD7EE1D15C966008F2B3D /* dantimelinsonUITests.swift */; };
		BBBBD7F41D15C966008F2B3D /* dantimelinson WatchKit App.app in Embed Watch Content */ = {isa = PBXBuildFile; fileRef = BBBBD7F31D15C966008F2B3D /* dantimelinson WatchKit App.app */; };
		BBBBD7FA1D15C966008F2B3D /* Interface.storyboard in Resources */ = {isa = PBXBuildFile; fileRef = BBBBD7F81D15C966008F2B3D /* Interface.storyboard */; };
		BBBBD7FC1D15C966008F2B3D /* Assets.xcassets in Resources */ = {isa = PBXBuildFile; fileRef = BBBBD7FB1D15C966008F2B3D /* Assets.xcassets */; };
		BBBBD8031D15C966008F2B3D /* dantimelinson WatchKit Extension.appex in Embed App Extensions */ = {isa = PBXBuildFile; fileRef = BBBBD8021D15C966008F2B3D /* dantimelinson WatchKit Extension.appex */; settings = {ATTRIBUTES = (RemoveHeadersOnCopy, ); }; };
		BBBBD8081D15C966008F2B3D /* InterfaceController.swift in Sources */ = {isa = PBXBuildFile; fileRef = BBBBD8071D15C966008F2B3D /* InterfaceController.swift */; };
		BBBBD80A1D15C966008F2B3D /* ExtensionDelegate.swift in Sources */ = {isa = PBXBuildFile; fileRef = BBBBD8091D15C966008F2B3D /* ExtensionDelegate.swift */; };
		BBBBD80C1D15C966008F2B3D /* ComplicationController.swift in Sources */ = {isa = PBXBuildFile; fileRef = BBBBD80B1D15C966008F2B3D /* ComplicationController.swift */; };
		BBBBD80E1D15C966008F2B3D /* Assets.xcassets in Resources */ = {isa = PBXBuildFile; fileRef = BBBBD80D1D15C966008F2B3D /* Assets.xcassets */; };
/* End PBXBuildFile section */

/* Begin PBXContainerItemProxy section */
		BBBBD7E01D15C966008F2B3D /* PBXContainerItemProxy */ = {
			isa = PBXContainerItemProxy;
			containerPortal = BBBBD7C31D15C966008F2B3D /* Project object */;
			proxyType = 1;
			remoteGlobalIDString = BBBBD7CA1D15C966008F2B3D;
			remoteInfo = dantimelinson;
		};
		BBBBD7EB1D15C966008F2B3D /* PBXContainerItemProxy */ = {
			isa = PBXContainerItemProxy;
			containerPortal = BBBBD7C31D15C966008F2B3D /* Project object */;
			proxyType = 1;
			remoteGlobalIDString = BBBBD7CA1D15C966008F2B3D;
			remoteInfo = dantimelinson;
		};
		BBBBD7F51D15C966008F2B3D /* PBXContainerItemProxy */ = {
			isa = PBXContainerItemProxy;
			containerPortal = BBBBD7C31D15C966008F2B3D /* Project object */;
			proxyType = 1;
			remoteGlobalIDString = BBBBD7F21D15C966008F2B3D;
			remoteInfo = "dantimelinson WatchKit App";
		};
		BBBBD8041D15C966008F2B3D /* PBXContainerItemProxy */ = {
			isa = PBXContainerItemProxy;
			containerPortal = BBBBD7C31D15C966008F2B3D /* Project object */;
			proxyType = 1;
			remoteGlobalIDString = BBBBD8011D15C966008F2B3D;
			remoteInfo = "dantimelinson WatchKit Extension";
		};
/* End PBXContainerItemProxy section */

/* Begin PBXCopyFilesBuildPhase section */
		BBBBD8151D15C966008F2B3D /* Embed App Extensions */ = {
			isa = PBXCopyFilesBuildPhase;
			buildActionMask = 2147483647;
			dstPath = "";
			dstSubfolderSpec = 13;
			files = (
				BBBBD8031D15C966008F2B3D /* dantimelinson WatchKit Extension.appex in Embed App Extensions */,
			);
			name = "Embed App Extensions";
			runOnlyForDeploymentPostprocessing = 0;
		};
		BBBBD8191D15C966008F2B3D /* Embed Watch Content */ = {
			isa = PBXCopyFilesBuildPhase;
			buildActionMask = 2147483647;
			dstPath = "$(CONTENTS_FOLDER_PATH)/Watch";
			dstSubfolderSpec = 16;
			files = (
				BBBBD7F41D15C966008F2B3D /* dantimelinson WatchKit App.app in Embed Watch Content */,
			);
			name = "Embed Watch Content";
			runOnlyForDeploymentPostprocessing = 0;
		};
/* End PBXCopyFilesBuildPhase section */

/* Begin PBXFileReference section */
		BBBBD7CB1D15C966008F2B3D /* dantimelinson.app */ = {isa = PBXFileReference; explicitFileType = wrapper.application; includeInIndex = 0; path = dantimelinson.app; sourceTree = BUILT_PRODUCTS_DIR; };
		BBBBD7CE1D15C966008F2B3D /* AppDelegate.swift */ = {isa = PBXFileReference; lastKnownFileType = sourcecode.swift; path = AppDelegate.swift; sourceTree = "<group>"; };
		BBBBD7D01D15C966008F2B3D /* ViewController.swift */ = {isa = PBXFileReference; lastKnownFileType = sourcecode.swift; path = ViewController.swift; sourceTree = "<group>"; };
		BBBBD7D31D15C966008F2B3D /* Base */ = {isa = PBXFileReference; lastKnownFileType = file.storyboard; name = Base; path = Base.lproj/Main.storyboard; sourceTree = "<group>"; };
		BBBBD7D51D15C966008F2B3D /* Assets.xcassets */ = {isa = PBXFileReference; lastKnownFileType = folder.assetcatalog; path = Assets.xcassets; sourceTree = "<group>"; };
		BBBBD7D81D15C966008F2B3D /* Base */ = {isa = PBXFileReference; lastKnownFileType = file.storyboard; name = Base; path = Base.lproj/LaunchScreen.storyboard; sourceTree = "<group>"; };
		BBBBD7DA1D15C966008F2B3D /* Info.plist */ = {isa = PBXFileReference; lastKnownFileType = text.plist.xml; path = Info.plist; sourceTree = "<group>"; };
		BBBBD7DF1D15C966008F2B3D /* dantimelinsonTests.xctest */ = {isa = PBXFileReference; explicitFileType = wrapper.cfbundle; includeInIndex = 0; path = dantimelinsonTests.xctest; sourceTree = BUILT_PRODUCTS_DIR; };
		BBBBD7E31D15C966008F2B3D /* dantimelinsonTests.swift */ = {isa = PBXFileReference; lastKnownFileType = sourcecode.swift; path = dantimelinsonTests.swift; sourceTree = "<group>"; };
		BBBBD7E51D15C966008F2B3D /* Info.plist */ = {isa = PBXFileReference; lastKnownFileType = text.plist.xml; path = Info.plist; sourceTree = "<group>"; };
		BBBBD7EA1D15C966008F2B3D /* dantimelinsonUITests.xctest */ = {isa = PBXFileReference; explicitFileType = wrapper.cfbundle; includeInIndex = 0; path = dantimelinsonUITests.xctest; sourceTree = BUILT_PRODUCTS_DIR; };
		BBBBD7EE1D15C966008F2B3D /* dantimelinsonUITests.swift */ = {isa = PBXFileReference; lastKnownFileType = sourcecode.swift; path = dantimelinsonUITests.swift; sourceTree = "<group>"; };
		BBBBD7F01D15C966008F2B3D /* Info.plist */ = {isa = PBXFileReference; lastKnownFileType = text.plist.xml; path = Info.plist; sourceTree = "<group>"; };
		BBBBD7F31D15C966008F2B3D /* dantimelinson WatchKit App.app */ = {isa = PBXFileReference; explicitFileType = wrapper.application; includeInIndex = 0; path = "dantimelinson WatchKit App.app"; sourceTree = BUILT_PRODUCTS_DIR; };
		BBBBD7F91D15C966008F2B3D /* Base */ = {isa = PBXFileReference; lastKnownFileType = file.storyboard; name = Base; path = Base.lproj/Interface.storyboard; sourceTree = "<group>"; };
		BBBBD7FB1D15C966008F2B3D /* Assets.xcassets */ = {isa = PBXFileReference; lastKnownFileType = folder.assetcatalog; path = Assets.xcassets; sourceTree = "<group>"; };
		BBBBD7FD1D15C966008F2B3D /* Info.plist */ = {isa = PBXFileReference; lastKnownFileType = text.plist.xml; path = Info.plist; sourceTree = "<group>"; };
		BBBBD8021D15C966008F2B3D /* dantimelinson WatchKit Extension.appex */ = {isa = PBXFileReference; explicitFileType = "wrapper.app-extension"; includeInIndex = 0; path = "dantimelinson WatchKit Extension.appex"; sourceTree = BUILT_PRODUCTS_DIR; };
		BBBBD8071D15C966008F2B3D /* InterfaceController.swift */ = {isa = PBXFileReference; lastKnownFileType = sourcecode.swift; path = InterfaceController.swift; sourceTree = "<group>"; };
		BBBBD8091D15C966008F2B3D /* ExtensionDelegate.swift */ = {isa = PBXFileReference; lastKnownFileType = sourcecode.swift; path = ExtensionDelegate.swift; sourceTree = "<group>"; };
		BBBBD80B1D15C966008F2B3D /* ComplicationController.swift */ = {isa = PBXFileReference; lastKnownFileType = sourcecode.swift; path = ComplicationController.swift; sourceTree = "<group>"; };
		BBBBD80D1D15C966008F2B3D /* Assets.xcassets */ = {isa = PBXFileReference; lastKnownFileType = folder.assetcatalog; path = Assets.xcassets; sourceTree = "<group>"; };
		BBBBD80F1D15C966008F2B3D /* Info.plist */ = {isa = PBXFileReference; lastKnownFileType = text.plist.xml; path = Info.plist; sourceTree = "<group>"; };
/* End PBXFileReference section */

/* Begin PBXFrameworksBuildPhase section */
		BBBBD7C81D15C966008F2B3D /* Frameworks */ = {
			isa = PBXFrameworksBuildPhase;
			buildActionMask = 2147483647;
			files = (
			);
			runOnlyForDeploymentPostprocessing = 0;
		};
		BBBBD7DC1D15C966008F2B3D /* Frameworks */ = {
			isa = PBXFrameworksBuildPhase;
			buildActionMask = 2147483647;
			files = (
			);
			runOnlyForDeploymentPostprocessing = 0;
		};
		BBBBD7E71D15C966008F2B3D /* Frameworks */ = {
			isa = PBXFrameworksBuildPhase;
			buildActionMask = 2147483647;
			files = (
			);
			runOnlyForDeploymentPostprocessing = 0;
		};
		BBBBD7FF1D15C966008F2B3D /* Frameworks */ = {
			isa = PBXFrameworksBuildPhase;
			buildActionMask = 2147483647;
			files = (
			);
			runOnlyForDeploymentPostprocessing = 0;
		};
/* End PBXFrameworksBuildPhase section */

/* Begin PBXGroup section */
		BBBBD7C21D15C966008F2B3D = {
			isa = PBXGroup;
			children = (
				BBBBD7CD1D15C966008F2B3D /* dantimelinson */,
				BBBBD7E21D15C966008F2B3D /* dantimelinsonTests */,
				BBBBD7ED1D15C966008F2B3D /* dantimelinsonUITests */,
				BBBBD7F71D15C966008F2B3D /* dantimelinson WatchKit App */,
				BBBBD8061D15C966008F2B3D /* dantimelinson WatchKit Extension */,
				BBBBD7CC1D15C966008F2B3D /* Products */,
			);
			sourceTree = "<group>";
		};
		BBBBD7CC1D15C966008F2B3D /* Products */ = {
			isa = PBXGroup;
			children = (
				BBBBD7CB1D15C966008F2B3D /* dantimelinson.app */,
				BBBBD7DF1D15C966008F2B3D /* dantimelinsonTests.xctest */,
				BBBBD7EA1D15C966008F2B3D /* dantimelinsonUITests.xctest */,
				BBBBD7F31D15C966008F2B3D /* dantimelinson WatchKit App.app */,
				BBBBD8021D15C966008F2B3D /* dantimelinson WatchKit Extension.appex */,
			);
			name = Products;
			sourceTree = "<group>";
		};
		BBBBD7CD1D15C966008F2B3D /* dantimelinson */ = {
			isa = PBXGroup;
			children = (
				BBBBD7CE1D15C966008F2B3D /* AppDelegate.swift */,
				BBBBD7D01D15C966008F2B3D /* ViewController.swift */,
				BBBBD7D21D15C966008F2B3D /* Main.storyboard */,
				BBBBD7D51D15C966008F2B3D /* Assets.xcassets */,
				BBBBD7D71D15C966008F2B3D /* LaunchScreen.storyboard */,
				BBBBD7DA1D15C966008F2B3D /* Info.plist */,
			);
			path = dantimelinson;
			sourceTree = "<group>";
		};
		BBBBD7E21D15C966008F2B3D /* dantimelinsonTests */ = {
			isa = PBXGroup;
			children = (
				BBBBD7E31D15C966008F2B3D /* dantimelinsonTests.swift */,
				BBBBD7E51D15C966008F2B3D /* Info.plist */,
			);
			path = dantimelinsonTests;
			sourceTree = "<group>";
		};
		BBBBD7ED1D15C966008F2B3D /* dantimelinsonUITests */ = {
			isa = PBXGroup;
			children = (
				BBBBD7EE1D15C966008F2B3D /* dantimelinsonUITests.swift */,
				BBBBD7F01D15C966008F2B3D /* Info.plist */,
			);
			path = dantimelinsonUITests;
			sourceTree = "<group>";
		};
		BBBBD7F71D15C966008F2B3D /* dantimelinson WatchKit App */ = {
			isa = PBXGroup;
			children = (
				BBBBD7F81D15C966008F2B3D /* Interface.storyboard */,
				BBBBD7FB1D15C966008F2B3D /* Assets.xcassets */,
				BBBBD7FD1D15C966008F2B3D /* Info.plist */,
			);
			path = "dantimelinson WatchKit App";
			sourceTree = "<group>";
		};
		BBBBD8061D15C966008F2B3D /* dantimelinson WatchKit Extension */ = {
			isa = PBXGroup;
			children = (
				BBBBD8071D15C966008F2B3D /* InterfaceController.swift */,
				BBBBD8091D15C966008F2B3D /* ExtensionDelegate.swift */,
				BBBBD80B1D15C966008F2B3D /* ComplicationController.swift */,
				BBBBD80D1D15C966008F2B3D /* Assets.xcassets */,
				BBBBD80F1D15C966008F2B3D /* Info.plist */,
			);
			path = "dantimelinson WatchKit Extension";
			sourceTree = "<group>";
		};
/* End PBXGroup section */

/* Begin PBXNativeTarget section */
		BBBBD7CA1D15C966008F2B3D /* dantimelinson */ = {
			isa = PBXNativeTarget;
			buildConfigurationList = BBBBD81A1D15C966008F2B3D /* Build configuration list for PBXNativeTarget "dantimelinson" */;
			buildPhases = (
				BBBBD7C71D15C966008F2B3D /* Sources */,
				BBBBD7C81D15C966008F2B3D /* Frameworks */,
				BBBBD7C91D15C966008F2B3D /* Resources */,
				BBBBD8191D15C966008F2B3D /* Embed Watch Content */,
			);
			buildRules = (
			);
			dependencies = (
				BBBBD7F61D15C966008F2B3D /* PBXTargetDependency */,
			);
			name = dantimelinson;
			productName = dantimelinson;
			productReference = BBBBD7CB1D15C966008F2B3D /* dantimelinson.app */;
			productType = "com.apple.product-type.application";
		};
		BBBBD7DE1D15C966008F2B3D /* dantimelinsonTests */ = {
			isa = PBXNativeTarget;
			buildConfigurationList = BBBBD81D1D15C966008F2B3D /* Build configuration list for PBXNativeTarget "dantimelinsonTests" */;
			buildPhases = (
				BBBBD7DB1D15C966008F2B3D /* Sources */,
				BBBBD7DC1D15C966008F2B3D /* Frameworks */,
				BBBBD7DD1D15C966008F2B3D /* Resources */,
			);
			buildRules = (
			);
			dependencies = (
				BBBBD7E11D15C966008F2B3D /* PBXTargetDependency */,
			);
			name = dantimelinsonTests;
			productName = dantimelinsonTests;
			productReference = BBBBD7DF1D15C966008F2B3D /* dantimelinsonTests.xctest */;
			productType = "com.apple.product-type.bundle.unit-test";
		};
		BBBBD7E91D15C966008F2B3D /* dantimelinsonUITests */ = {
			isa = PBXNativeTarget;
			buildConfigurationList = BBBBD8201D15C966008F2B3D /* Build configuration list for PBXNativeTarget "dantimelinsonUITests" */;
			buildPhases = (
				BBBBD7E61D15C966008F2B3D /* Sources */,
				BBBBD7E71D15C966008F2B3D /* Frameworks */,
				BBBBD7E81D15C966008F2B3D /* Resources */,
			);
			buildRules = (
			);
			dependencies = (
				BBBBD7EC1D15C966008F2B3D /* PBXTargetDependency */,
			);
			name = dantimelinsonUITests;
			productName = dantimelinsonUITests;
			productReference = BBBBD7EA1D15C966008F2B3D /* dantimelinsonUITests.xctest */;
			productType = "com.apple.product-type.bundle.ui-testing";
		};
		BBBBD7F21D15C966008F2B3D /* dantimelinson WatchKit App */ = {
			isa = PBXNativeTarget;
			buildConfigurationList = BBBBD8161D15C966008F2B3D /* Build configuration list for PBXNativeTarget "dantimelinson WatchKit App" */;
			buildPhases = (
				BBBBD7F11D15C966008F2B3D /* Resources */,
				BBBBD8151D15C966008F2B3D /* Embed App Extensions */,
			);
			buildRules = (
			);
			dependencies = (
				BBBBD8051D15C966008F2B3D /* PBXTargetDependency */,
			);
			name = "dantimelinson WatchKit App";
			productName = "dantimelinson WatchKit App";
			productReference = BBBBD7F31D15C966008F2B3D /* dantimelinson WatchKit App.app */;
			productType = "com.apple.product-type.application.watchapp2";
		};
		BBBBD8011D15C966008F2B3D /* dantimelinson WatchKit Extension */ = {
			isa = PBXNativeTarget;
			buildConfigurationList = BBBBD8121D15C966008F2B3D /* Build configuration list for PBXNativeTarget "dantimelinson WatchKit Extension" */;
			buildPhases = (
				BBBBD7FE1D15C966008F2B3D /* Sources */,
				BBBBD7FF1D15C966008F2B3D /* Frameworks */,
				BBBBD8001D15C966008F2B3D /* Resources */,
			);
			buildRules = (
			);
			dependencies = (
			);
			name = "dantimelinson WatchKit Extension";
			productName = "dantimelinson WatchKit Extension";
			productReference = BBBBD8021D15C966008F2B3D /* dantimelinson WatchKit Extension.appex */;
			productType = "com.apple.product-type.watchkit2-extension";
		};
/* End PBXNativeTarget section */

/* Begin PBXProject section */
		BBBBD7C31D15C966008F2B3D /* Project object */ = {
			isa = PBXProject;
			attributes = {
				LastSwiftUpdateCheck = 0800;
				LastUpgradeCheck = 0800;
				ORGANIZATIONNAME = "Henri Watson";
				TargetAttributes = {
					BBBBD7CA1D15C966008F2B3D = {
						CreatedOnToolsVersion = 8.0;
						DevelopmentTeam = HP825456WH;
						DevelopmentTeamName = "Henri Watson (Personal Team)";
						ProvisioningStyle = Automatic;
					};
					BBBBD7DE1D15C966008F2B3D = {
						CreatedOnToolsVersion = 8.0;
						DevelopmentTeam = HP825456WH;
						DevelopmentTeamName = "Henri Watson (Personal Team)";
						ProvisioningStyle = Automatic;
						TestTargetID = BBBBD7CA1D15C966008F2B3D;
					};
					BBBBD7E91D15C966008F2B3D = {
						CreatedOnToolsVersion = 8.0;
						DevelopmentTeam = HP825456WH;
						DevelopmentTeamName = "Henri Watson (Personal Team)";
						ProvisioningStyle = Automatic;
						TestTargetID = BBBBD7CA1D15C966008F2B3D;
					};
					BBBBD7F21D15C966008F2B3D = {
						CreatedOnToolsVersion = 8.0;
						DevelopmentTeam = HP825456WH;
						DevelopmentTeamName = "Henri Watson (Personal Team)";
						ProvisioningStyle = Automatic;
					};
					BBBBD8011D15C966008F2B3D = {
						CreatedOnToolsVersion = 8.0;
						DevelopmentTeam = HP825456WH;
						DevelopmentTeamName = "Henri Watson (Personal Team)";
						ProvisioningStyle = Automatic;
					};
				};
			};
			buildConfigurationList = BBBBD7C61D15C966008F2B3D /* Build configuration list for PBXProject "dantimelinson" */;
			compatibilityVersion = "Xcode 3.2";
			developmentRegion = English;
			hasScannedForEncodings = 0;
			knownRegions = (
				en,
				Base,
			);
			mainGroup = BBBBD7C21D15C966008F2B3D;
			productRefGroup = BBBBD7CC1D15C966008F2B3D /* Products */;
			projectDirPath = "";
			projectRoot = "";
			targets = (
				BBBBD7CA1D15C966008F2B3D /* dantimelinson */,
				BBBBD7DE1D15C966008F2B3D /* dantimelinsonTests */,
				BBBBD7E91D15C966008F2B3D /* dantimelinsonUITests */,
				BBBBD7F21D15C966008F2B3D /* dantimelinson WatchKit App */,
				BBBBD8011D15C966008F2B3D /* dantimelinson WatchKit Extension */,
			);
		};
/* End PBXProject section */

/* Begin PBXResourcesBuildPhase section */
		BBBBD7C91D15C966008F2B3D /* Resources */ = {
			isa = PBXResourcesBuildPhase;
			buildActionMask = 2147483647;
			files = (
				BBBBD7D91D15C966008F2B3D /* LaunchScreen.storyboard in Resources */,
				BBBBD7D61D15C966008F2B3D /* Assets.xcassets in Resources */,
				BBBBD7D41D15C966008F2B3D /* Main.storyboard in Resources */,
			);
			runOnlyForDeploymentPostprocessing = 0;
		};
		BBBBD7DD1D15C966008F2B3D /* Resources */ = {
			isa = PBXResourcesBuildPhase;
			buildActionMask = 2147483647;
			files = (
			);
			runOnlyForDeploymentPostprocessing = 0;
		};
		BBBBD7E81D15C966008F2B3D /* Resources */ = {
			isa = PBXResourcesBuildPhase;
			buildActionMask = 2147483647;
			files = (
			);
			runOnlyForDeploymentPostprocessing = 0;
		};
		BBBBD7F11D15C966008F2B3D /* Resources */ = {
			isa = PBXResourcesBuildPhase;
			buildActionMask = 2147483647;
			files = (
				BBBBD7FC1D15C966008F2B3D /* Assets.xcassets in Resources */,
				BBBBD7FA1D15C966008F2B3D /* Interface.storyboard in Resources */,
			);
			runOnlyForDeploymentPostprocessing = 0;
		};
		BBBBD8001D15C966008F2B3D /* Resources */ = {
			isa = PBXResourcesBuildPhase;
			buildActionMask = 2147483647;
			files = (
				BBBBD80E1D15C966008F2B3D /* Assets.xcassets in Resources */,
			);
			runOnlyForDeploymentPostprocessing = 0;
		};
/* End PBXResourcesBuildPhase section */

/* Begin PBXSourcesBuildPhase section */
		BBBBD7C71D15C966008F2B3D /* Sources */ = {
			isa = PBXSourcesBuildPhase;
			buildActionMask = 2147483647;
			files = (
				BBBBD7D11D15C966008F2B3D /* ViewController.swift in Sources */,
				BBBBD7CF1D15C966008F2B3D /* AppDelegate.swift in Sources */,
			);
			runOnlyForDeploymentPostprocessing = 0;
		};
		BBBBD7DB1D15C966008F2B3D /* Sources */ = {
			isa = PBXSourcesBuildPhase;
			buildActionMask = 2147483647;
			files = (
				BBBBD7E41D15C966008F2B3D /* dantimelinsonTests.swift in Sources */,
			);
			runOnlyForDeploymentPostprocessing = 0;
		};
		BBBBD7E61D15C966008F2B3D /* Sources */ = {
			isa = PBXSourcesBuildPhase;
			buildActionMask = 2147483647;
			files = (
				BBBBD7EF1D15C966008F2B3D /* dantimelinsonUITests.swift in Sources */,
			);
			runOnlyForDeploymentPostprocessing = 0;
		};
		BBBBD7FE1D15C966008F2B3D /* Sources */ = {
			isa = PBXSourcesBuildPhase;
			buildActionMask = 2147483647;
			files = (
				BBBBD80A1D15C966008F2B3D /* ExtensionDelegate.swift in Sources */,
				BBBBD8081D15C966008F2B3D /* InterfaceController.swift in Sources */,
				BBBBD80C1D15C966008F2B3D /* ComplicationController.swift in Sources */,
			);
			runOnlyForDeploymentPostprocessing = 0;
		};
/* End PBXSourcesBuildPhase section */

/* Begin PBXTargetDependency section */
		BBBBD7E11D15C966008F2B3D /* PBXTargetDependency */ = {
			isa = PBXTargetDependency;
			target = BBBBD7CA1D15C966008F2B3D /* dantimelinson */;
			targetProxy = BBBBD7E01D15C966008F2B3D /* PBXContainerItemProxy */;
		};
		BBBBD7EC1D15C966008F2B3D /* PBXTargetDependency */ = {
			isa = PBXTargetDependency;
			target = BBBBD7CA1D15C966008F2B3D /* dantimelinson */;
			targetProxy = BBBBD7EB1D15C966008F2B3D /* PBXContainerItemProxy */;
		};
		BBBBD7F61D15C966008F2B3D /* PBXTargetDependency */ = {
			isa = PBXTargetDependency;
			target = BBBBD7F21D15C966008F2B3D /* dantimelinson WatchKit App */;
			targetProxy = BBBBD7F51D15C966008F2B3D /* PBXContainerItemProxy */;
		};
		BBBBD8051D15C966008F2B3D /* PBXTargetDependency */ = {
			isa = PBXTargetDependency;
			target = BBBBD8011D15C966008F2B3D /* dantimelinson WatchKit Extension */;
			targetProxy = BBBBD8041D15C966008F2B3D /* PBXContainerItemProxy */;
		};
/* End PBXTargetDependency section */

/* Begin PBXVariantGroup section */
		BBBBD7D21D15C966008F2B3D /* Main.storyboard */ = {
			isa = PBXVariantGroup;
			children = (
				BBBBD7D31D15C966008F2B3D /* Base */,
			);
			name = Main.storyboard;
			sourceTree = "<group>";
		};
		BBBBD7D71D15C966008F2B3D /* LaunchScreen.storyboard */ = {
			isa = PBXVariantGroup;
			children = (
				BBBBD7D81D15C966008F2B3D /* Base */,
			);
			name = LaunchScreen.storyboard;
			sourceTree = "<group>";
		};
		BBBBD7F81D15C966008F2B3D /* Interface.storyboard */ = {
			isa = PBXVariantGroup;
			children = (
				BBBBD7F91D15C966008F2B3D /* Base */,
			);
			name = Interface.storyboard;
			sourceTree = "<group>";
		};
/* End PBXVariantGroup section */

/* Begin XCBuildConfiguration section */
		BBBBD8101D15C966008F2B3D /* Debug */ = {
			isa = XCBuildConfiguration;
			buildSettings = {
				ALWAYS_SEARCH_USER_PATHS = NO;
				CLANG_ANALYZER_NONNULL = YES;
				CLANG_CXX_LANGUAGE_STANDARD = "gnu++0x";
				CLANG_CXX_LIBRARY = "libc++";
				CLANG_ENABLE_MODULES = YES;
				CLANG_ENABLE_OBJC_ARC = YES;
				CLANG_WARN_BOOL_CONVERSION = YES;
				CLANG_WARN_CONSTANT_CONVERSION = YES;
				CLANG_WARN_DIRECT_OBJC_ISA_USAGE = YES_ERROR;
				CLANG_WARN_DOCUMENTATION_COMMENTS = YES;
				CLANG_WARN_EMPTY_BODY = YES;
				CLANG_WARN_ENUM_CONVERSION = YES;
				CLANG_WARN_INT_CONVERSION = YES;
				CLANG_WARN_OBJC_ROOT_CLASS = YES_ERROR;
				CLANG_WARN_UNREACHABLE_CODE = YES;
				CLANG_WARN__DUPLICATE_METHOD_MATCH = YES;
				"CODE_SIGN_IDENTITY[sdk=iphoneos*]" = "iPhone Developer";
				COPY_PHASE_STRIP = NO;
				DEBUG_INFORMATION_FORMAT = dwarf;
				ENABLE_STRICT_OBJC_MSGSEND = YES;
				ENABLE_TESTABILITY = YES;
				GCC_C_LANGUAGE_STANDARD = gnu99;
				GCC_DYNAMIC_NO_PIC = NO;
				GCC_NO_COMMON_BLOCKS = YES;
				GCC_OPTIMIZATION_LEVEL = 0;
				GCC_PREPROCESSOR_DEFINITIONS = (
					"DEBUG=1",
					"$(inherited)",
				);
				GCC_WARN_64_TO_32_BIT_CONVERSION = YES;
				GCC_WARN_ABOUT_RETURN_TYPE = YES_ERROR;
				GCC_WARN_UNDECLARED_SELECTOR = YES;
				GCC_WARN_UNINITIALIZED_AUTOS = YES_AGGRESSIVE;
				GCC_WARN_UNUSED_FUNCTION = YES;
				GCC_WARN_UNUSED_VARIABLE = YES;
				IPHONEOS_DEPLOYMENT_TARGET = 10.0;
				MTL_ENABLE_DEBUG_INFO = YES;
				ONLY_ACTIVE_ARCH = YES;
				SDKROOT = iphoneos;
				SWIFT_ACTIVE_COMPILATION_CONDITIONS = DEBUG;
				SWIFT_OPTIMIZATION_LEVEL = "-Onone";
				TARGETED_DEVICE_FAMILY = "1,2";
			};
			name = Debug;
		};
		BBBBD8111D15C966008F2B3D /* Release */ = {
			isa = XCBuildConfiguration;
			buildSettings = {
				ALWAYS_SEARCH_USER_PATHS = NO;
				CLANG_ANALYZER_NONNULL = YES;
				CLANG_CXX_LANGUAGE_STANDARD = "gnu++0x";
				CLANG_CXX_LIBRARY = "libc++";
				CLANG_ENABLE_MODULES = YES;
				CLANG_ENABLE_OBJC_ARC = YES;
				CLANG_WARN_BOOL_CONVERSION = YES;
				CLANG_WARN_CONSTANT_CONVERSION = YES;
				CLANG_WARN_DIRECT_OBJC_ISA_USAGE = YES_ERROR;
				CLANG_WARN_DOCUMENTATION_COMMENTS = YES;
				CLANG_WARN_EMPTY_BODY = YES;
				CLANG_WARN_ENUM_CONVERSION = YES;
				CLANG_WARN_INT_CONVERSION = YES;
				CLANG_WARN_OBJC_ROOT_CLASS = YES_ERROR;
				CLANG_WARN_UNREACHABLE_CODE = YES;
				CLANG_WARN__DUPLICATE_METHOD_MATCH = YES;
				"CODE_SIGN_IDENTITY[sdk=iphoneos*]" = "iPhone Developer";
				COPY_PHASE_STRIP = NO;
				DEBUG_INFORMATION_FORMAT = "dwarf-with-dsym";
				ENABLE_NS_ASSERTIONS = NO;
				ENABLE_STRICT_OBJC_MSGSEND = YES;
				GCC_C_LANGUAGE_STANDARD = gnu99;
				GCC_NO_COMMON_BLOCKS = YES;
				GCC_WARN_64_TO_32_BIT_CONVERSION = YES;
				GCC_WARN_ABOUT_RETURN_TYPE = YES_ERROR;
				GCC_WARN_UNDECLARED_SELECTOR = YES;
				GCC_WARN_UNINITIALIZED_AUTOS = YES_AGGRESSIVE;
				GCC_WARN_UNUSED_FUNCTION = YES;
				GCC_WARN_UNUSED_VARIABLE = YES;
				IPHONEOS_DEPLOYMENT_TARGET = 10.0;
				MTL_ENABLE_DEBUG_INFO = NO;
				SDKROOT = iphoneos;
				SWIFT_OPTIMIZATION_LEVEL = "-Owholemodule";
				TARGETED_DEVICE_FAMILY = "1,2";
				VALIDATE_PRODUCT = YES;
			};
			name = Release;
		};
		BBBBD8131D15C966008F2B3D /* Debug */ = {
			isa = XCBuildConfiguration;
			buildSettings = {
				ASSETCATALOG_COMPILER_COMPLICATION_NAME = Complication;
				INFOPLIST_FILE = "dantimelinson WatchKit Extension/Info.plist";
				LD_RUNPATH_SEARCH_PATHS = "$(inherited) @executable_path/Frameworks @executable_path/../../Frameworks";
				PRODUCT_BUNDLE_IDENTIFIER = com.henriwatson.dantimelinson.watchkitapp.watchkitextension;
				PRODUCT_NAME = "${TARGET_NAME}";
				SDKROOT = watchos;
				SKIP_INSTALL = YES;
				SWIFT_VERSION = 3.0;
				TARGETED_DEVICE_FAMILY = 4;
				WATCHOS_DEPLOYMENT_TARGET = 3.0;
			};
			name = Debug;
		};
		BBBBD8141D15C966008F2B3D /* Release */ = {
			isa = XCBuildConfiguration;
			buildSettings = {
				ASSETCATALOG_COMPILER_COMPLICATION_NAME = Complication;
				INFOPLIST_FILE = "dantimelinson WatchKit Extension/Info.plist";
				LD_RUNPATH_SEARCH_PATHS = "$(inherited) @executable_path/Frameworks @executable_path/../../Frameworks";
				PRODUCT_BUNDLE_IDENTIFIER = com.henriwatson.dantimelinson.watchkitapp.watchkitextension;
				PRODUCT_NAME = "${TARGET_NAME}";
				SDKROOT = watchos;
				SKIP_INSTALL = YES;
				SWIFT_VERSION = 3.0;
				TARGETED_DEVICE_FAMILY = 4;
				WATCHOS_DEPLOYMENT_TARGET = 3.0;
			};
			name = Release;
		};
		BBBBD8171D15C966008F2B3D /* Debug */ = {
			isa = XCBuildConfiguration;
			buildSettings = {
				ALWAYS_EMBED_SWIFT_STANDARD_LIBRARIES = YES;
				ASSETCATALOG_COMPILER_APPICON_NAME = AppIcon;
				IBSC_MODULE = dantimelinson_WatchKit_Extension;
				INFOPLIST_FILE = "dantimelinson WatchKit App/Info.plist";
				PRODUCT_BUNDLE_IDENTIFIER = com.henriwatson.dantimelinson.watchkitapp;
				PRODUCT_NAME = "$(TARGET_NAME)";
				SDKROOT = watchos;
				SKIP_INSTALL = YES;
				SWIFT_VERSION = 3.0;
				TARGETED_DEVICE_FAMILY = 4;
				WATCHOS_DEPLOYMENT_TARGET = 3.0;
			};
			name = Debug;
		};
		BBBBD8181D15C966008F2B3D /* Release */ = {
			isa = XCBuildConfiguration;
			buildSettings = {
				ALWAYS_EMBED_SWIFT_STANDARD_LIBRARIES = YES;
				ASSETCATALOG_COMPILER_APPICON_NAME = AppIcon;
				IBSC_MODULE = dantimelinson_WatchKit_Extension;
				INFOPLIST_FILE = "dantimelinson WatchKit App/Info.plist";
				PRODUCT_BUNDLE_IDENTIFIER = com.henriwatson.dantimelinson.watchkitapp;
				PRODUCT_NAME = "$(TARGET_NAME)";
				SDKROOT = watchos;
				SKIP_INSTALL = YES;
				SWIFT_VERSION = 3.0;
				TARGETED_DEVICE_FAMILY = 4;
				WATCHOS_DEPLOYMENT_TARGET = 3.0;
			};
			name = Release;
		};
		BBBBD81B1D15C966008F2B3D /* Debug */ = {
			isa = XCBuildConfiguration;
			buildSettings = {
				ASSETCATALOG_COMPILER_APPICON_NAME = AppIcon;
				INFOPLIST_FILE = dantimelinson/Info.plist;
				LD_RUNPATH_SEARCH_PATHS = "$(inherited) @executable_path/Frameworks";
				PRODUCT_BUNDLE_IDENTIFIER = com.henriwatson.dantimelinson;
				PRODUCT_NAME = "$(TARGET_NAME)";
				SWIFT_VERSION = 3.0;
			};
			name = Debug;
		};
		BBBBD81C1D15C966008F2B3D /* Release */ = {
			isa = XCBuildConfiguration;
			buildSettings = {
				ASSETCATALOG_COMPILER_APPICON_NAME = AppIcon;
				INFOPLIST_FILE = dantimelinson/Info.plist;
				LD_RUNPATH_SEARCH_PATHS = "$(inherited) @executable_path/Frameworks";
				PRODUCT_BUNDLE_IDENTIFIER = com.henriwatson.dantimelinson;
				PRODUCT_NAME = "$(TARGET_NAME)";
				SWIFT_VERSION = 3.0;
			};
			name = Release;
		};
		BBBBD81E1D15C966008F2B3D /* Debug */ = {
			isa = XCBuildConfiguration;
			buildSettings = {
				BUNDLE_LOADER = "$(TEST_HOST)";
				INFOPLIST_FILE = dantimelinsonTests/Info.plist;
				LD_RUNPATH_SEARCH_PATHS = "$(inherited) @executable_path/Frameworks @loader_path/Frameworks";
				PRODUCT_BUNDLE_IDENTIFIER = com.henriwatson.dantimelinsonTests;
				PRODUCT_NAME = "$(TARGET_NAME)";
				SWIFT_VERSION = 3.0;
				TEST_HOST = "$(BUILT_PRODUCTS_DIR)/dantimelinson.app/dantimelinson";
			};
			name = Debug;
		};
		BBBBD81F1D15C966008F2B3D /* Release */ = {
			isa = XCBuildConfiguration;
			buildSettings = {
				BUNDLE_LOADER = "$(TEST_HOST)";
				INFOPLIST_FILE = dantimelinsonTests/Info.plist;
				LD_RUNPATH_SEARCH_PATHS = "$(inherited) @executable_path/Frameworks @loader_path/Frameworks";
				PRODUCT_BUNDLE_IDENTIFIER = com.henriwatson.dantimelinsonTests;
				PRODUCT_NAME = "$(TARGET_NAME)";
				SWIFT_VERSION = 3.0;
				TEST_HOST = "$(BUILT_PRODUCTS_DIR)/dantimelinson.app/dantimelinson";
			};
			name = Release;
		};
		BBBBD8211D15C966008F2B3D /* Debug */ = {
			isa = XCBuildConfiguration;
			buildSettings = {
				INFOPLIST_FILE = dantimelinsonUITests/Info.plist;
				LD_RUNPATH_SEARCH_PATHS = "$(inherited) @executable_path/Frameworks @loader_path/Frameworks";
				PRODUCT_BUNDLE_IDENTIFIER = com.henriwatson.dantimelinsonUITests;
				PRODUCT_NAME = "$(TARGET_NAME)";
				SWIFT_VERSION = 3.0;
				TEST_TARGET_NAME = dantimelinson;
			};
			name = Debug;
		};
		BBBBD8221D15C966008F2B3D /* Release */ = {
			isa = XCBuildConfiguration;
			buildSettings = {
				INFOPLIST_FILE = dantimelinsonUITests/Info.plist;
				LD_RUNPATH_SEARCH_PATHS = "$(inherited) @executable_path/Frameworks @loader_path/Frameworks";
				PRODUCT_BUNDLE_IDENTIFIER = com.henriwatson.dantimelinsonUITests;
				PRODUCT_NAME = "$(TARGET_NAME)";
				SWIFT_VERSION = 3.0;
				TEST_TARGET_NAME = dantimelinson;
			};
			name = Release;
		};
/* End XCBuildConfiguration section */

/* Begin XCConfigurationList section */
		BBBBD7C61D15C966008F2B3D /* Build configuration list for PBXProject "dantimelinson" */ = {
			isa = XCConfigurationList;
			buildConfigurations = (
				BBBBD8101D15C966008F2B3D /* Debug */,
				BBBBD8111D15C966008F2B3D /* Release */,
			);
			defaultConfigurationIsVisible = 0;
			defaultConfigurationName = Release;
		};
		BBBBD8121D15C966008F2B3D /* Build configuration list for PBXNativeTarget "dantimelinson WatchKit Extension" */ = {
			isa = XCConfigurationList;
			buildConfigurations = (
				BBBBD8131D15C966008F2B3D /* Debug */,
				BBBBD8141D15C966008F2B3D /* Release */,
			);
			defaultConfigurationIsVisible = 0;
		};
		BBBBD8161D15C966008F2B3D /* Build configuration list for PBXNativeTarget "dantimelinson WatchKit App" */ = {
			isa = XCConfigurationList;
			buildConfigurations = (
				BBBBD8171D15C966008F2B3D /* Debug */,
				BBBBD8181D15C966008F2B3D /* Release */,
			);
			defaultConfigurationIsVisible = 0;
		};
		BBBBD81A1D15C966008F2B3D /* Build configuration list for PBXNativeTarget "dantimelinson" */ = {
			isa = XCConfigurationList;
			buildConfigurations = (
				BBBBD81B1D15C966008F2B3D /* Debug */,
				BBBBD81C1D15C966008F2B3D /* Release */,
			);
			defaultConfigurationIsVisible = 0;
		};
		BBBBD81D1D15C966008F2B3D /* Build configuration list for PBXNativeTarget "dantimelinsonTests" */ = {
			isa = XCConfigurationList;
			buildConfigurations = (
				BBBBD81E1D15C966008F2B3D /* Debug */,
				BBBBD81F1D15C966008F2B3D /* Release */,
			);
			defaultConfigurationIsVisible = 0;
		};
		BBBBD8201D15C966008F2B3D /* Build configuration list for PBXNativeTarget "dantimelinsonUITests" */ = {
			isa = XCConfigurationList;
			buildConfigurations = (
				BBBBD8211D15C966008F2B3D /* Debug */,
				BBBBD8221D15C966008F2B3D /* Release */,
			);
			defaultConfigurationIsVisible = 0;
		};
/* End XCConfigurationList section */
	};
	rootObject = BBBBD7C31D15C966008F2B3D /* Project object */;
}
